// !$*UTF8*$!
{
	archiveVersion = 1;
	classes = {
	};
	objectVersion = 55;
	objects = {

/* Begin PBXBuildFile section */
		8408F07D2A4D7AA3004D39F0 /* simpleAnimation_appApp.swift in Sources */ = {isa = PBXBuildFile; fileRef = 8408F07C2A4D7AA3004D39F0 /* simpleAnimation_appApp.swift */; };
		8408F07F2A4D7AA3004D39F0 /* ContentView.swift in Sources */ = {isa = PBXBuildFile; fileRef = 8408F07E2A4D7AA3004D39F0 /* ContentView.swift */; };
		8408F0812A4D7AA5004D39F0 /* Assets.xcassets in Resources */ = {isa = PBXBuildFile; fileRef = 8408F0802A4D7AA5004D39F0 /* Assets.xcassets */; };
		8408F0842A4D7AA5004D39F0 /* Preview Assets.xcassets in Resources */ = {isa = PBXBuildFile; fileRef = 8408F0832A4D7AA5004D39F0 /* Preview Assets.xcassets */; };
		8408F08C2A4D7AF1004D39F0 /* Helpers.swift in Sources */ = {isa = PBXBuildFile; fileRef = 8408F08B2A4D7AF1004D39F0 /* Helpers.swift */; };
		8408F0922A4D7B27004D39F0 /* Content_ViewModel.swift in Sources */ = {isa = PBXBuildFile; fileRef = 8408F0912A4D7B27004D39F0 /* Content_ViewModel.swift */; };
		8408F0942A4D7B39004D39F0 /* Pet_model.swift in Sources */ = {isa = PBXBuildFile; fileRef = 8408F0932A4D7B39004D39F0 /* Pet_model.swift */; };
		8408F0962A4D7B64004D39F0 /* Pet_Repository.swift in Sources */ = {isa = PBXBuildFile; fileRef = 8408F0952A4D7B64004D39F0 /* Pet_Repository.swift */; };
/* End PBXBuildFile section */

/* Begin PBXFileReference section */
		8408F0792A4D7AA3004D39F0 /* simpleAnimation_app.app */ = {isa = PBXFileReference; explicitFileType = wrapper.application; includeInIndex = 0; path = simpleAnimation_app.app; sourceTree = BUILT_PRODUCTS_DIR; };
		8408F07C2A4D7AA3004D39F0 /* simpleAnimation_appApp.swift */ = {isa = PBXFileReference; lastKnownFileType = sourcecode.swift; path = simpleAnimation_appApp.swift; sourceTree = "<group>"; };
		8408F07E2A4D7AA3004D39F0 /* ContentView.swift */ = {isa = PBXFileReference; lastKnownFileType = sourcecode.swift; path = ContentView.swift; sourceTree = "<group>"; };
		8408F0802A4D7AA5004D39F0 /* Assets.xcassets */ = {isa = PBXFileReference; lastKnownFileType = folder.assetcatalog; path = Assets.xcassets; sourceTree = "<group>"; };
		8408F0832A4D7AA5004D39F0 /* Preview Assets.xcassets */ = {isa = PBXFileReference; lastKnownFileType = folder.assetcatalog; path = "Preview Assets.xcassets"; sourceTree = "<group>"; };
		8408F08B2A4D7AF1004D39F0 /* Helpers.swift */ = {isa = PBXFileReference; lastKnownFileType = sourcecode.swift; path = Helpers.swift; sourceTree = "<group>"; };
		8408F0912A4D7B27004D39F0 /* Content_ViewModel.swift */ = {isa = PBXFileReference; lastKnownFileType = sourcecode.swift; path = Content_ViewModel.swift; sourceTree = "<group>"; };
		8408F0932A4D7B39004D39F0 /* Pet_model.swift */ = {isa = PBXFileReference; lastKnownFileType = sourcecode.swift; path = Pet_model.swift; sourceTree = "<group>"; };
		8408F0952A4D7B64004D39F0 /* Pet_Repository.swift */ = {isa = PBXFileReference; lastKnownFileType = sourcecode.swift; path = Pet_Repository.swift; sourceTree = "<group>"; };
/* End PBXFileReference section */

/* Begin PBXFrameworksBuildPhase section */
		8408F0762A4D7AA3004D39F0 /* Frameworks */ = {
			isa = PBXFrameworksBuildPhase;
			buildActionMask = 2147483647;
			files = (
			);
			runOnlyForDeploymentPostprocessing = 0;
		};
/* End PBXFrameworksBuildPhase section */

/* Begin PBXGroup section */
		8408F0702A4D7AA3004D39F0 = {
			isa = PBXGroup;
			children = (
				8408F07B2A4D7AA3004D39F0 /* simpleAnimation_app */,
				8408F07A2A4D7AA3004D39F0 /* Products */,
			);
			sourceTree = "<group>";
		};
		8408F07A2A4D7AA3004D39F0 /* Products */ = {
			isa = PBXGroup;
			children = (
				8408F0792A4D7AA3004D39F0 /* simpleAnimation_app.app */,
			);
			name = Products;
			sourceTree = "<group>";
		};
		8408F07B2A4D7AA3004D39F0 /* simpleAnimation_app */ = {
			isa = PBXGroup;
			children = (
				8408F07C2A4D7AA3004D39F0 /* simpleAnimation_appApp.swift */,
				8408F08D2A4D7AF6004D39F0 /* ContentView */,
				8408F08A2A4D7ADE004D39F0 /* Utils */,
				8408F0802A4D7AA5004D39F0 /* Assets.xcassets */,
				8408F0822A4D7AA5004D39F0 /* Preview Content */,
			);
			path = simpleAnimation_app;
			sourceTree = "<group>";
		};
		8408F0822A4D7AA5004D39F0 /* Preview Content */ = {
			isa = PBXGroup;
			children = (
				8408F0832A4D7AA5004D39F0 /* Preview Assets.xcassets */,
			);
			path = "Preview Content";
			sourceTree = "<group>";
		};
		8408F08A2A4D7ADE004D39F0 /* Utils */ = {
			isa = PBXGroup;
			children = (
				8408F08B2A4D7AF1004D39F0 /* Helpers.swift */,
			);
			path = Utils;
			sourceTree = "<group>";
		};
		8408F08D2A4D7AF6004D39F0 /* ContentView */ = {
			isa = PBXGroup;
			children = (
				8408F07E2A4D7AA3004D39F0 /* ContentView.swift */,
				8408F08E2A4D7AFD004D39F0 /* ViewModel */,
				8408F0902A4D7B06004D39F0 /* Data */,
				8408F08F2A4D7B02004D39F0 /* Model */,
			);
			path = ContentView;
			sourceTree = "<group>";
		};
		8408F08E2A4D7AFD004D39F0 /* ViewModel */ = {
			isa = PBXGroup;
			children = (
				8408F0912A4D7B27004D39F0 /* Content_ViewModel.swift */,
			);
			path = ViewModel;
			sourceTree = "<group>";
		};
		8408F08F2A4D7B02004D39F0 /* Model */ = {
			isa = PBXGroup;
			children = (
				8408F0932A4D7B39004D39F0 /* Pet_model.swift */,
			);
			path = Model;
			sourceTree = "<group>";
		};
		8408F0902A4D7B06004D39F0 /* Data */ = {
			isa = PBXGroup;
			children = (
				8408F0952A4D7B64004D39F0 /* Pet_Repository.swift */,
			);
			path = Data;
			sourceTree = "<group>";
		};
/* End PBXGroup section */

/* Begin PBXNativeTarget section */
		8408F0782A4D7AA3004D39F0 /* simpleAnimation_app */ = {
			isa = PBXNativeTarget;
			buildConfigurationList = 8408F0872A4D7AA5004D39F0 /* Build configuration list for PBXNativeTarget "simpleAnimation_app" */;
			buildPhases = (
				8408F0752A4D7AA3004D39F0 /* Sources */,
				8408F0762A4D7AA3004D39F0 /* Frameworks */,
				8408F0772A4D7AA3004D39F0 /* Resources */,
			);
			buildRules = (
			);
			dependencies = (
			);
			name = simpleAnimation_app;
			productName = simpleAnimation_app;
			productReference = 8408F0792A4D7AA3004D39F0 /* simpleAnimation_app.app */;
			productType = "com.apple.product-type.application";
		};
/* End PBXNativeTarget section */

/* Begin PBXProject section */
		8408F0712A4D7AA3004D39F0 /* Project object */ = {
			isa = PBXProject;
			attributes = {
				BuildIndependentTargetsInParallel = 1;
				LastSwiftUpdateCheck = 1340;
				LastUpgradeCheck = 1340;
				TargetAttributes = {
					8408F0782A4D7AA3004D39F0 = {
						CreatedOnToolsVersion = 13.4.1;
					};
				};
			};
			buildConfigurationList = 8408F0742A4D7AA3004D39F0 /* Build configuration list for PBXProject "simpleAnimation_app" */;
			compatibilityVersion = "Xcode 13.0";
			developmentRegion = en;
			hasScannedForEncodings = 0;
			knownRegions = (
				en,
				Base,
			);
			mainGroup = 8408F0702A4D7AA3004D39F0;
			productRefGroup = 8408F07A2A4D7AA3004D39F0 /* Products */;
			projectDirPath = "";
			projectRoot = "";
			targets = (
				8408F0782A4D7AA3004D39F0 /* simpleAnimation_app */,
			);
		};
/* End PBXProject section */

/* Begin PBXResourcesBuildPhase section */
		8408F0772A4D7AA3004D39F0 /* Resources */ = {
			isa = PBXResourcesBuildPhase;
			buildActionMask = 2147483647;
			files = (
				8408F0842A4D7AA5004D39F0 /* Preview Assets.xcassets in Resources */,
				8408F0812A4D7AA5004D39F0 /* Assets.xcassets in Resources */,
			);
			runOnlyForDeploymentPostprocessing = 0;
		};
/* End PBXResourcesBuildPhase section */

/* Begin PBXSourcesBuildPhase section */
		8408F0752A4D7AA3004D39F0 /* Sources */ = {
			isa = PBXSourcesBuildPhase;
			buildActionMask = 2147483647;
			files = (
				8408F0942A4D7B39004D39F0 /* Pet_model.swift in Sources */,
				8408F0922A4D7B27004D39F0 /* Content_ViewModel.swift in Sources */,
				8408F07F2A4D7AA3004D39F0 /* ContentView.swift in Sources */,
				8408F08C2A4D7AF1004D39F0 /* Helpers.swift in Sources */,
				8408F07D2A4D7AA3004D39F0 /* simpleAnimation_appApp.swift in Sources */,
				8408F0962A4D7B64004D39F0 /* Pet_Repository.swift in Sources */,
			);
			runOnlyForDeploymentPostprocessing = 0;
		};
/* End PBXSourcesBuildPhase section */

/* Begin XCBuildConfiguration section */
		8408F0852A4D7AA5004D39F0 /* Debug */ = {
			isa = XCBuildConfiguration;
			buildSettings = {
				ALWAYS_SEARCH_USER_PATHS = NO;
				CLANG_ANALYZER_NONNULL = YES;
				CLANG_ANALYZER_NUMBER_OBJECT_CONVERSION = YES_AGGRESSIVE;
				CLANG_CXX_LANGUAGE_STANDARD = "gnu++17";
				CLANG_ENABLE_MODULES = YES;
				CLANG_ENABLE_OBJC_ARC = YES;
				CLANG_ENABLE_OBJC_WEAK = YES;
				CLANG_WARN_BLOCK_CAPTURE_AUTORELEASING = YES;
				CLANG_WARN_BOOL_CONVERSION = YES;
				CLANG_WARN_COMMA = YES;
				CLANG_WARN_CONSTANT_CONVERSION = YES;
				CLANG_WARN_DEPRECATED_OBJC_IMPLEMENTATIONS = YES;
				CLANG_WARN_DIRECT_OBJC_ISA_USAGE = YES_ERROR;
				CLANG_WARN_DOCUMENTATION_COMMENTS = YES;
				CLANG_WARN_EMPTY_BODY = YES;
				CLANG_WARN_ENUM_CONVERSION = YES;
				CLANG_WARN_INFINITE_RECURSION = YES;
				CLANG_WARN_INT_CONVERSION = YES;
				CLANG_WARN_NON_LITERAL_NULL_CONVERSION = YES;
				CLANG_WARN_OBJC_IMPLICIT_RETAIN_SELF = YES;
				CLANG_WARN_OBJC_LITERAL_CONVERSION = YES;
				CLANG_WARN_OBJC_ROOT_CLASS = YES_ERROR;
				CLANG_WARN_QUOTED_INCLUDE_IN_FRAMEWORK_HEADER = YES;
				CLANG_WARN_RANGE_LOOP_ANALYSIS = YES;
				CLANG_WARN_STRICT_PROTOTYPES = YES;
				CLANG_WARN_SUSPICIOUS_MOVE = YES;
				CLANG_WARN_UNGUARDED_AVAILABILITY = YES_AGGRESSIVE;
				CLANG_WARN_UNREACHABLE_CODE = YES;
				CLANG_WARN__DUPLICATE_METHOD_MATCH = YES;
				COPY_PHASE_STRIP = NO;
				DEBUG_INFORMATION_FORMAT = dwarf;
				ENABLE_STRICT_OBJC_MSGSEND = YES;
				ENABLE_TESTABILITY = YES;
				GCC_C_LANGUAGE_STANDARD = gnu11;
				GCC_DYNAMIC_NO_PIC = NO;
				GCC_NO_COMMON_BLOCKS = YES;
				GCC_OPTIMIZATION_LEVEL = 0;
				GCC_PREPROCESSOR_DEFINITIONS = (
					"DEBUG=1",
					"$(inherited)",
				);
				GCC_WARN_64_TO_32_BIT_CONVERSION = YES;
				GCC_WARN_ABOUT_RETURN_TYPE = YES_ERROR;
				GCC_WARN_UNDECLARED_SELECTOR = YES;
				GCC_WARN_UNINITIALIZED_AUTOS = YES_AGGRESSIVE;
				GCC_WARN_UNUSED_FUNCTION = YES;
				GCC_WARN_UNUSED_VARIABLE = YES;
				IPHONEOS_DEPLOYMENT_TARGET = 15.5;
				MTL_ENABLE_DEBUG_INFO = INCLUDE_SOURCE;
				MTL_FAST_MATH = YES;
				ONLY_ACTIVE_ARCH = YES;
				SDKROOT = iphoneos;
				SWIFT_ACTIVE_COMPILATION_CONDITIONS = DEBUG;
				SWIFT_OPTIMIZATION_LEVEL = "-Onone";
			};
			name = Debug;
		};
		8408F0862A4D7AA5004D39F0 /* Release */ = {
			isa = XCBuildConfiguration;
			buildSettings = {
				ALWAYS_SEARCH_USER_PATHS = NO;
				CLANG_ANALYZER_NONNULL = YES;
				CLANG_ANALYZER_NUMBER_OBJECT_CONVERSION = YES_AGGRESSIVE;
				CLANG_CXX_LANGUAGE_STANDARD = "gnu++17";
				CLANG_ENABLE_MODULES = YES;
				CLANG_ENABLE_OBJC_ARC = YES;
				CLANG_ENABLE_OBJC_WEAK = YES;
				CLANG_WARN_BLOCK_CAPTURE_AUTORELEASING = YES;
				CLANG_WARN_BOOL_CONVERSION = YES;
				CLANG_WARN_COMMA = YES;
				CLANG_WARN_CONSTANT_CONVERSION = YES;
				CLANG_WARN_DEPRECATED_OBJC_IMPLEMENTATIONS = YES;
				CLANG_WARN_DIRECT_OBJC_ISA_USAGE = YES_ERROR;
				CLANG_WARN_DOCUMENTATION_COMMENTS = YES;
				CLANG_WARN_EMPTY_BODY = YES;
				CLANG_WARN_ENUM_CONVERSION = YES;
				CLANG_WARN_INFINITE_RECURSION = YES;
				CLANG_WARN_INT_CONVERSION = YES;
				CLANG_WARN_NON_LITERAL_NULL_CONVERSION = YES;
				CLANG_WARN_OBJC_IMPLICIT_RETAIN_SELF = YES;
				CLANG_WARN_OBJC_LITERAL_CONVERSION = YES;
				CLANG_WARN_OBJC_ROOT_CLASS = YES_ERROR;
				CLANG_WARN_QUOTED_INCLUDE_IN_FRAMEWORK_HEADER = YES;
				CLANG_WARN_RANGE_LOOP_ANALYSIS = YES;
				CLANG_WARN_STRICT_PROTOTYPES = YES;
				CLANG_WARN_SUSPICIOUS_MOVE = YES;
				CLANG_WARN_UNGUARDED_AVAILABILITY = YES_AGGRESSIVE;
				CLANG_WARN_UNREACHABLE_CODE = YES;
				CLANG_WARN__DUPLICATE_METHOD_MATCH = YES;
				COPY_PHASE_STRIP = NO;
				DEBUG_INFORMATION_FORMAT = "dwarf-with-dsym";
				ENABLE_NS_ASSERTIONS = NO;
				ENABLE_STRICT_OBJC_MSGSEND = YES;
				GCC_C_LANGUAGE_STANDARD = gnu11;
				GCC_NO_COMMON_BLOCKS = YES;
				GCC_WARN_64_TO_32_BIT_CONVERSION = YES;
				GCC_WARN_ABOUT_RETURN_TYPE = YES_ERROR;
				GCC_WARN_UNDECLARED_SELECTOR = YES;
				GCC_WARN_UNINITIALIZED_AUTOS = YES_AGGRESSIVE;
				GCC_WARN_UNUSED_FUNCTION = YES;
				GCC_WARN_UNUSED_VARIABLE = YES;
				IPHONEOS_DEPLOYMENT_TARGET = 15.5;
				MTL_ENABLE_DEBUG_INFO = NO;
				MTL_FAST_MATH = YES;
				SDKROOT = iphoneos;
				SWIFT_COMPILATION_MODE = wholemodule;
				SWIFT_OPTIMIZATION_LEVEL = "-O";
				VALIDATE_PRODUCT = YES;
			};
			name = Release;
		};
		8408F0882A4D7AA5004D39F0 /* Debug */ = {
			isa = XCBuildConfiguration;
			buildSettings = {
				ASSETCATALOG_COMPILER_APPICON_NAME = AppIcon;
				ASSETCATALOG_COMPILER_GLOBAL_ACCENT_COLOR_NAME = AccentColor;
				CODE_SIGN_STYLE = Automatic;
				CURRENT_PROJECT_VERSION = 1;
				DEVELOPMENT_ASSET_PATHS = "\"simpleAnimation_app/Preview Content\"";
				ENABLE_PREVIEWS = YES;
				GENERATE_INFOPLIST_FILE = YES;
				INFOPLIST_KEY_UIApplicationSceneManifest_Generation = YES;
				INFOPLIST_KEY_UIApplicationSupportsIndirectInputEvents = YES;
				INFOPLIST_KEY_UILaunchScreen_Generation = YES;
				INFOPLIST_KEY_UISupportedInterfaceOrientations_iPad = "UIInterfaceOrientationPortrait UIInterfaceOrientationPortraitUpsideDown UIInterfaceOrientationLandscapeLeft UIInterfaceOrientationLandscapeRight";
				INFOPLIST_KEY_UISupportedInterfaceOrientations_iPhone = "UIInterfaceOrientationPortrait UIInterfaceOrientationLandscapeLeft UIInterfaceOrientationLandscapeRight";
				LD_RUNPATH_SEARCH_PATHS = (
					"$(inherited)",
					"@executable_path/Frameworks",
				);
				MARKETING_VERSION = 1.0;
				PRODUCT_BUNDLE_IDENTIFIER = "teo.nemsadze.simpleAnimation-app";
				PRODUCT_NAME = "$(TARGET_NAME)";
				SWIFT_EMIT_LOC_STRINGS = YES;
				SWIFT_VERSION = 5.0;
				TARGETED_DEVICE_FAMILY = "1,2";
			};
			name = Debug;
		};
		8408F0892A4D7AA5004D39F0 /* Release */ = {
			isa = XCBuildConfiguration;
			buildSettings = {
				ASSETCATALOG_COMPILER_APPICON_NAME = AppIcon;
				ASSETCATALOG_COMPILER_GLOBAL_ACCENT_COLOR_NAME = AccentColor;
				CODE_SIGN_STYLE = Automatic;
				CURRENT_PROJECT_VERSION = 1;
				DEVELOPMENT_ASSET_PATHS = "\"simpleAnimation_app/Preview Content\"";
				ENABLE_PREVIEWS = YES;
				GENERATE_INFOPLIST_FILE = YES;
				INFOPLIST_KEY_UIApplicationSceneManifest_Generation = YES;
				INFOPLIST_KEY_UIApplicationSupportsIndirectInputEvents = YES;
				INFOPLIST_KEY_UILaunchScreen_Generation = YES;
				INFOPLIST_KEY_UISupportedInterfaceOrientations_iPad = "UIInterfaceOrientationPortrait UIInterfaceOrientationPortraitUpsideDown UIInterfaceOrientationLandscapeLeft UIInterfaceOrientationLandscapeRight";
				INFOPLIST_KEY_UISupportedInterfaceOrientations_iPhone = "UIInterfaceOrientationPortrait UIInterfaceOrientationLandscapeLeft UIInterfaceOrientationLandscapeRight";
				LD_RUNPATH_SEARCH_PATHS = (
					"$(inherited)",
					"@executable_path/Frameworks",
				);
				MARKETING_VERSION = 1.0;
				PRODUCT_BUNDLE_IDENTIFIER = "teo.nemsadze.simpleAnimation-app";
				PRODUCT_NAME = "$(TARGET_NAME)";
				SWIFT_EMIT_LOC_STRINGS = YES;
				SWIFT_VERSION = 5.0;
				TARGETED_DEVICE_FAMILY = "1,2";
			};
			name = Release;
		};
/* End XCBuildConfiguration section */

/* Begin XCConfigurationList section */
		8408F0742A4D7AA3004D39F0 /* Build configuration list for PBXProject "simpleAnimation_app" */ = {
			isa = XCConfigurationList;
			buildConfigurations = (
				8408F0852A4D7AA5004D39F0 /* Debug */,
				8408F0862A4D7AA5004D39F0 /* Release */,
			);
			defaultConfigurationIsVisible = 0;
			defaultConfigurationName = Release;
		};
		8408F0872A4D7AA5004D39F0 /* Build configuration list for PBXNativeTarget "simpleAnimation_app" */ = {
			isa = XCConfigurationList;
			buildConfigurations = (
				8408F0882A4D7AA5004D39F0 /* Debug */,
				8408F0892A4D7AA5004D39F0 /* Release */,
			);
			defaultConfigurationIsVisible = 0;
			defaultConfigurationName = Release;
		};
/* End XCConfigurationList section */
	};
	rootObject = 8408F0712A4D7AA3004D39F0 /* Project object */;
}
